# This file is generated by running "yarn install" inside your project.
# Manual changes might be lost - proceed with caution!

__metadata:
  version: 9
  cacheKey: 10c0

"@esbuild/aix-ppc64@npm:0.24.2":
  version: 0.24.2
  resolution: "@esbuild/aix-ppc64@npm:0.24.2"
  conditions: os=aix & cpu=ppc64
  languageName: node
  linkType: hard

"@esbuild/android-arm64@npm:0.24.2":
  version: 0.24.2
  resolution: "@esbuild/android-arm64@npm:0.24.2"
  conditions: os=android & cpu=arm64
  languageName: node
  linkType: hard

"@esbuild/android-arm@npm:0.24.2":
  version: 0.24.2
  resolution: "@esbuild/android-arm@npm:0.24.2"
  conditions: os=android & cpu=arm
  languageName: node
  linkType: hard

"@esbuild/android-x64@npm:0.24.2":
  version: 0.24.2
  resolution: "@esbuild/android-x64@npm:0.24.2"
  conditions: os=android & cpu=x64
  languageName: node
  linkType: hard

"@esbuild/darwin-arm64@npm:0.24.2":
  version: 0.24.2
  resolution: "@esbuild/darwin-arm64@npm:0.24.2"
  conditions: os=darwin & cpu=arm64
  languageName: node
  linkType: hard

"@esbuild/darwin-x64@npm:0.24.2":
  version: 0.24.2
  resolution: "@esbuild/darwin-x64@npm:0.24.2"
  conditions: os=darwin & cpu=x64
  languageName: node
  linkType: hard

"@esbuild/freebsd-arm64@npm:0.24.2":
  version: 0.24.2
  resolution: "@esbuild/freebsd-arm64@npm:0.24.2"
  conditions: os=freebsd & cpu=arm64
  languageName: node
  linkType: hard

"@esbuild/freebsd-x64@npm:0.24.2":
  version: 0.24.2
  resolution: "@esbuild/freebsd-x64@npm:0.24.2"
  conditions: os=freebsd & cpu=x64
  languageName: node
  linkType: hard

"@esbuild/linux-arm64@npm:0.24.2":
  version: 0.24.2
  resolution: "@esbuild/linux-arm64@npm:0.24.2"
  conditions: os=linux & cpu=arm64
  languageName: node
  linkType: hard

"@esbuild/linux-arm@npm:0.24.2":
  version: 0.24.2
  resolution: "@esbuild/linux-arm@npm:0.24.2"
  conditions: os=linux & cpu=arm
  languageName: node
  linkType: hard

"@esbuild/linux-ia32@npm:0.24.2":
  version: 0.24.2
  resolution: "@esbuild/linux-ia32@npm:0.24.2"
  conditions: os=linux & cpu=ia32
  languageName: node
  linkType: hard

"@esbuild/linux-loong64@npm:0.24.2":
  version: 0.24.2
  resolution: "@esbuild/linux-loong64@npm:0.24.2"
  conditions: os=linux & cpu=loong64
  languageName: node
  linkType: hard

"@esbuild/linux-mips64el@npm:0.24.2":
  version: 0.24.2
  resolution: "@esbuild/linux-mips64el@npm:0.24.2"
  conditions: os=linux & cpu=mips64el
  languageName: node
  linkType: hard

"@esbuild/linux-ppc64@npm:0.24.2":
  version: 0.24.2
  resolution: "@esbuild/linux-ppc64@npm:0.24.2"
  conditions: os=linux & cpu=ppc64
  languageName: node
  linkType: hard

"@esbuild/linux-riscv64@npm:0.24.2":
  version: 0.24.2
  resolution: "@esbuild/linux-riscv64@npm:0.24.2"
  conditions: os=linux & cpu=riscv64
  languageName: node
  linkType: hard

"@esbuild/linux-s390x@npm:0.24.2":
  version: 0.24.2
  resolution: "@esbuild/linux-s390x@npm:0.24.2"
  conditions: os=linux & cpu=s390x
  languageName: node
  linkType: hard

"@esbuild/linux-x64@npm:0.24.2":
  version: 0.24.2
  resolution: "@esbuild/linux-x64@npm:0.24.2"
  conditions: os=linux & cpu=x64
  languageName: node
  linkType: hard

"@esbuild/netbsd-arm64@npm:0.24.2":
  version: 0.24.2
  resolution: "@esbuild/netbsd-arm64@npm:0.24.2"
  conditions: os=netbsd & cpu=arm64
  languageName: node
  linkType: hard

"@esbuild/netbsd-x64@npm:0.24.2":
  version: 0.24.2
  resolution: "@esbuild/netbsd-x64@npm:0.24.2"
  conditions: os=netbsd & cpu=x64
  languageName: node
  linkType: hard

"@esbuild/openbsd-arm64@npm:0.24.2":
  version: 0.24.2
  resolution: "@esbuild/openbsd-arm64@npm:0.24.2"
  conditions: os=openbsd & cpu=arm64
  languageName: node
  linkType: hard

"@esbuild/openbsd-x64@npm:0.24.2":
  version: 0.24.2
  resolution: "@esbuild/openbsd-x64@npm:0.24.2"
  conditions: os=openbsd & cpu=x64
  languageName: node
  linkType: hard

"@esbuild/sunos-x64@npm:0.24.2":
  version: 0.24.2
  resolution: "@esbuild/sunos-x64@npm:0.24.2"
  conditions: os=sunos & cpu=x64
  languageName: node
  linkType: hard

"@esbuild/win32-arm64@npm:0.24.2":
  version: 0.24.2
  resolution: "@esbuild/win32-arm64@npm:0.24.2"
  conditions: os=win32 & cpu=arm64
  languageName: node
  linkType: hard

"@esbuild/win32-ia32@npm:0.24.2":
  version: 0.24.2
  resolution: "@esbuild/win32-ia32@npm:0.24.2"
  conditions: os=win32 & cpu=ia32
  languageName: node
  linkType: hard

"@esbuild/win32-x64@npm:0.24.2":
  version: 0.24.2
  resolution: "@esbuild/win32-x64@npm:0.24.2"
  conditions: os=win32 & cpu=x64
  languageName: node
  linkType: hard

"@iconify/types@npm:^2.0.0":
  version: 2.0.0
  resolution: "@iconify/types@npm:2.0.0"
  checksum: 10c0/65a3be43500c7ccacf360e136d00e1717f050b7b91da644e94370256ac66f582d59212bdb30d00788aab4fc078262e91c95b805d1808d654b72f6d2072a7e4b2
  languageName: node
  linkType: hard

"@lit-labs/ssr-dom-shim@npm:^1.5.0":
  version: 1.5.1
  resolution: "@lit-labs/ssr-dom-shim@npm:1.5.1"
  checksum: 10c0/2b10a42db0af33a4db32b3aa34db0f546aaa6794acdfc173499e999b4423102a1c9d15687679c674f07fa799cf740b5f5641c2ca6eee5d4af30c762a1e3b8c4f
  languageName: node
  linkType: hard

"@lit/reactive-element@npm:^2.1.0":
  version: 2.1.2
  resolution: "@lit/reactive-element@npm:2.1.2"
  dependencies:
    "@lit-labs/ssr-dom-shim": "npm:^1.5.0"
  checksum: 10c0/557069ce6ebbbafb1140e1e0a25ce73d3501bf455cda231d42bb131baa9065c54b6b7ca1655507eede397decd7ddde16c84192cb72a07d4edf41d54e07725933
  languageName: node
  linkType: hard

"@types/trusted-types@npm:^2.0.2":
  version: 2.0.7
  resolution: "@types/trusted-types@npm:2.0.7"
  checksum: 10c0/4c4855f10de7c6c135e0d32ce462419d8abbbc33713b31d294596c0cc34ae1fa6112a2f9da729c8f7a20707782b0d69da3b1f8df6645b0366d08825ca1522e0c
  languageName: node
  linkType: hard

"dexie@npm:^4.2.1":
  version: 4.3.0
  resolution: "dexie@npm:4.3.0"
  checksum: 10c0/c152db2612f26040c4967c1040c2707837a7b9a97247ff1d7e5e85b6da6abfb26a65248195cd2a54d2202579fa5009b7eb0a696d93444b39fac551eb0d8fc21a
  languageName: node
  linkType: hard

"esbuild@npm:^0.24.0":
  version: 0.24.2
  resolution: "esbuild@npm:0.24.2"
  dependencies:
    "@esbuild/aix-ppc64": "npm:0.24.2"
    "@esbuild/android-arm": "npm:0.24.2"
    "@esbuild/android-arm64": "npm:0.24.2"
    "@esbuild/android-x64": "npm:0.24.2"
    "@esbuild/darwin-arm64": "npm:0.24.2"
    "@esbuild/darwin-x64": "npm:0.24.2"
    "@esbuild/freebsd-arm64": "npm:0.24.2"
    "@esbuild/freebsd-x64": "npm:0.24.2"
    "@esbuild/linux-arm": "npm:0.24.2"
    "@esbuild/linux-arm64": "npm:0.24.2"
    "@esbuild/linux-ia32": "npm:0.24.2"
    "@esbuild/linux-loong64": "npm:0.24.2"
    "@esbuild/linux-mips64el": "npm:0.24.2"
    "@esbuild/linux-ppc64": "npm:0.24.2"
    "@esbuild/linux-riscv64": "npm:0.24.2"
    "@esbuild/linux-s390x": "npm:0.24.2"
    "@esbuild/linux-x64": "npm:0.24.2"
    "@esbuild/netbsd-arm64": "npm:0.24.2"
    "@esbuild/netbsd-x64": "npm:0.24.2"
    "@esbuild/openbsd-arm64": "npm:0.24.2"
    "@esbuild/openbsd-x64": "npm:0.24.2"
    "@esbuild/sunos-x64": "npm:0.24.2"
    "@esbuild/win32-arm64": "npm:0.24.2"
    "@esbuild/win32-ia32": "npm:0.24.2"
    "@esbuild/win32-x64": "npm:0.24.2"
  dependenciesMeta:
    "@esbuild/aix-ppc64":
      optional: true
    "@esbuild/android-arm":
      optional: true
    "@esbuild/android-arm64":
      optional: true
    "@esbuild/android-x64":
      optional: true
    "@esbuild/darwin-arm64":
      optional: true
    "@esbuild/darwin-x64":
      optional: true
    "@esbuild/freebsd-arm64":
      optional: true
    "@esbuild/freebsd-x64":
      optional: true
    "@esbuild/linux-arm":
      optional: true
    "@esbuild/linux-arm64":
      optional: true
    "@esbuild/linux-ia32":
      optional: true
    "@esbuild/linux-loong64":
      optional: true
    "@esbuild/linux-mips64el":
      optional: true
    "@esbuild/linux-ppc64":
      optional: true
    "@esbuild/linux-riscv64":
      optional: true
    "@esbuild/linux-s390x":
      optional: true
    "@esbuild/linux-x64":
      optional: true
    "@esbuild/netbsd-arm64":
      optional: true
    "@esbuild/netbsd-x64":
      optional: true
    "@esbuild/openbsd-arm64":
      optional: true
    "@esbuild/openbsd-x64":
      optional: true
    "@esbuild/sunos-x64":
      optional: true
    "@esbuild/win32-arm64":
      optional: true
    "@esbuild/win32-ia32":
      optional: true
    "@esbuild/win32-x64":
      optional: true
  bin:
    esbuild: bin/esbuild
  checksum: 10c0/5a25bb08b6ba23db6e66851828d848bd3ff87c005a48c02d83e38879058929878a6baa5a414e1141faee0d1dece3f32b5fbc2a87b82ed6a7aa857cf40359aeb5
  languageName: node
  linkType: hard

"iconify-icon@npm:^3.0.2":
  version: 3.0.2
  resolution: "iconify-icon@npm:3.0.2"
  dependencies:
    "@iconify/types": "npm:^2.0.0"
  checksum: 10c0/2b168ec72280e5bdefe20df987f8b18987fbd34bce137596e8fb42ad6d4c0f7615daf96a4cdb5e10a8e107f1338a310a3134e8027cc42a7f5b01aad8628bb223
  languageName: node
  linkType: hard

"layerr@npm:^3.0.0":
  version: 3.0.0
  resolution: "layerr@npm:3.0.0"
  checksum: 10c0/320c9b9cf1392c73c9ff8f8d1bb7a782093ac7341fe5d7fea6ebfeea6d785af8e0fc573541431b6ffcb268577f8aea66168757e73a15035568a00ab9e4370705
  languageName: node
  linkType: hard

"lit-element@npm:^4.2.0":
  version: 4.2.2
  resolution: "lit-element@npm:4.2.2"
  dependencies:
    "@lit-labs/ssr-dom-shim": "npm:^1.5.0"
    "@lit/reactive-element": "npm:^2.1.0"
    lit-html: "npm:^3.3.0"
  checksum: 10c0/114ab5837f1f9e03a30b1ed1c055fa0e31f01e444464e5ab0453ef88be12d778508235533267c42614d323e3048ee58f865b5c612948a53bd6219abca404c710
  languageName: node
  linkType: hard

"lit-html@npm:^3.3.0":
  version: 3.3.2
  resolution: "lit-html@npm:3.3.2"
  dependencies:
    "@types/trusted-types": "npm:^2.0.2"
  checksum: 10c0/0a6763875acd03dfc5d4483ea74ca4bfe5d71a90b05bfc484e8201721c8603db982760fd27566a69a834f21d34437f7c390e21cd4c6bff149ca7e3a46d3b217a
  languageName: node
  linkType: hard

"lit@npm:^3.0.0":
  version: 3.3.2
  resolution: "lit@npm:3.3.2"
  dependencies:
    "@lit/reactive-element": "npm:^2.1.0"
    lit-element: "npm:^4.2.0"
    lit-html: "npm:^3.3.0"
  checksum: 10c0/50563fd9c7bf546f8fdc6a936321b5be581ce440a359b06048ae5d44c1ecf6c38c2ded708e97d36a1ce70da1a7ad569890e40e0fb5ed040ec42d5ed2365f468d
  languageName: node
  linkType: hard

"oauth4webapi@npm:^3.0.0":
  version: 3.8.5
  resolution: "oauth4webapi@npm:3.8.5"
  checksum: 10c0/688142b30f2243813721bfa4ab879aa0056636b19a3d7964d46b11b967199ab8f74f3771225f71ec766821d410add950475cf1afcfe26a9640cd1c0a1de8e423
  languageName: node
  linkType: hard

"root-workspace-0b6124@workspace:.":
  version: 0.0.0-use.local
  resolution: "root-workspace-0b6124@workspace:."
  dependencies:
    dexie: "npm:^4.2.1"
    esbuild: "npm:^0.24.0"
    iconify-icon: "npm:^3.0.2"
    lit: "npm:^3.0.0"
    oauth4webapi: "npm:^3.0.0"
    ulidx: "npm:^2.4.1"
  languageName: unknown
  linkType: soft

"ulidx@npm:^2.4.1":
  version: 2.4.1
  resolution: "ulidx@npm:2.4.1"
  dependencies:
    layerr: "npm:^3.0.0"
  checksum: 10c0/3cbe05123b4b49d262e26cd0edd3ac38a4f9e97f043d47ae7daa88502748881d1615d832e3bcb29698ca2429947c24494929ba35b40d6bf38df891cb15642d2e
  languageName: node
  linkType: hard
