# THIS IS AN AUTOGENERATED FILE. DO NOT EDIT THIS FILE DIRECTLY.
# yarn lockfile v1


dexie@^4.2.1:
  version "4.2.1"
  resolved "https://registry.yarnpkg.com/dexie/-/dexie-4.2.1.tgz#70d111ae8d2dabf53f424fca79f6f918c407e6db"
  integrity sha512-Ckej0NS6jxQ4Po3OrSQBFddayRhTCic2DoCAG5zacOfOVB9P2Q5Xc5uL/nVa7ZVs+HdMnvUPzLFCB/JwpB6Csg==
